# This file is automatically @generated by Cargo.
# It is not intended for manual editing.
version = 4

[[package]]
name = "allocator-api2"
version = "0.2.21"
source = "registry+https://github.com/rust-lang/crates.io-index"
checksum = "683d7910e743518b0e34f1186f92494becacb047c7b6bf616c96772180fef923"

[[package]]
name = "anyhow"
version = "1.0.104"
source = "registry+https://github.com/rust-lang/crates.io-index"
checksum = "330a5ed07fa54e4702c9d6c4174f74427fc0ef6e214bbd677ae50a5099946470"

[[package]]
name = "arbitrary"
version = "1.4.2"
source = "registry+https://github.com/rust-lang/crates.io-index"
checksum = "c3d036a3c4ab069c7b410a2ce876bd74808d2d0888a82667669f8e783a898bf1"

[[package]]
name = "bumpalo"
version = "3.20.3"
source = "registry+https://github.com/rust-lang/crates.io-index"
checksum = "72f5acc6cb2ba439de613abc23857ec3d78374d8ed5ac84e9d11336e87da8649"
dependencies = [
 "allocator-api2",
]

[[package]]
name = "cfg-if"
version = "1.0.5"
source = "registry+https://github.com/rust-lang/crates.io-index"
checksum = "4e7648175b45a9a48536d676f68d918270699102aa8dab5496df06904c914600"

[[package]]
name = "compiler"
version = "0.2.1-alpha.1"
dependencies = [
 "cranelift-codegen 0.136.0",
 "cranelift-frontend",
 "cranelift-module",
 "cranelift-object",
 "target-lexicon",
 "toml",
]

[[package]]
name = "cranelift-assembler-x64"
version = "0.135.3"
source = "registry+https://github.com/rust-lang/crates.io-index"
checksum = "9d620e7c8e86c48ff33f750fd49a2f3fa39529e6bfe59639dfdfcbf81329f737"
dependencies = [
 "cranelift-assembler-x64-meta 0.135.3",
]

[[package]]
name = "cranelift-assembler-x64"
version = "0.136.1"
source = "registry+https://github.com/rust-lang/crates.io-index"
checksum = "c8a495ae3e4d638712a0c0378719e526e448d04d7ebbbe1745712e12c5feb4c3"
dependencies = [
 "cranelift-assembler-x64-meta 0.136.1",
]

[[package]]
name = "cranelift-assembler-x64-meta"
version = "0.135.3"
source = "registry+https://github.com/rust-lang/crates.io-index"
checksum = "75015effc364f66dfda9f45f3d78b5509957303258521143839adfd762eade60"
dependencies = [
 "cranelift-srcgen 0.135.3",
]

[[package]]
name = "cranelift-assembler-x64-meta"
version = "0.136.1"
source = "registry+https://github.com/rust-lang/crates.io-index"
checksum = "4eb2e299e844a27d799f43988e4415a37696fdb738cb463312ef5d06cae15b2a"
dependencies = [
 "cranelift-srcgen 0.136.1",
]

[[package]]
name = "cranelift-bforest"
version = "0.135.3"
source = "registry+https://github.com/rust-lang/crates.io-index"
checksum = "e18dd511b085013add81cd0b5381207451c791c93f8487c800ec71455287446e"
dependencies = [
 "cranelift-entity 0.135.3",
 "wasmtime-internal-core 48.0.3",
]

[[package]]
name = "cranelift-bforest"
version = "0.136.0"
source = "registry+https://github.com/rust-lang/crates.io-index"
checksum = "06c9b7896b744283c68051c6fa53dff5919bdca5f3ad30f2502cbe03346fc27c"
dependencies = [
 "cranelift-entity 0.136.0",
 "wasmtime-internal-core 49.0.0",
]

[[package]]
name = "cranelift-bitset"
version = "0.135.3"
source = "registry+https://github.com/rust-lang/crates.io-index"
checksum = "a92f504aa9105998333f8416a7d32dac037313e2103649f91a143f383d445fee"
dependencies = [
 "wasmtime-internal-core 48.0.3",
]

[[package]]
name = "cranelift-bitset"
version = "0.136.0"
source = "registry+https://github.com/rust-lang/crates.io-index"
checksum = "2d44fd93e9b7d5d76846a5d7e96f4f31c84e7c84079bf69e2bf17e5d08f8d607"
dependencies = [
 "wasmtime-internal-core 49.0.0",
]

[[package]]
name = "cranelift-codegen"
version = "0.135.3"
source = "registry+https://github.com/rust-lang/crates.io-index"
checksum = "f26f0f8551262c68d14cbb5c60e805394f38c7492f2a02c3a4592cef40b342e9"
dependencies = [
 "bumpalo",
 "cranelift-assembler-x64 0.135.3",
 "cranelift-bforest 0.135.3",
 "cranelift-bitset 0.135.3",
 "cranelift-codegen-meta 0.135.3",
 "cranelift-codegen-shared 0.135.3",
 "cranelift-control 0.135.3",
 "cranelift-entity 0.135.3",
 "cranelift-isle 0.135.3",
 "gimli",
 "hashbrown 0.17.1",
 "libm",
 "log",
 "regalloc2",
 "rustc-hash",
 "serde",
 "smallvec",
 "target-lexicon",
 "wasmtime-internal-core 48.0.3",
]

[[package]]
name = "cranelift-codegen"
version = "0.136.0"
source = "registry+https://github.com/rust-lang/crates.io-index"
checksum = "24cca39a8327756e489ee65c7f2ff79a6f7c8f2837f83fef046d1899c781c59d"
dependencies = [
 "bumpalo",
 "cranelift-assembler-x64 0.136.1",
 "cranelift-bforest 0.136.0",
 "cranelift-bitset 0.136.0",
 "cranelift-codegen-meta 0.136.1",
 "cranelift-codegen-shared 0.136.1",
 "cranelift-control 0.136.1",
 "cranelift-entity 0.136.0",
 "cranelift-isle 0.136.0",
 "gimli",
 "hashbrown 0.17.1",
 "libm",
 "log",
 "regalloc2",
 "rustc-hash",
 "serde",
 "smallvec",
 "target-lexicon",
 "wasmtime-internal-core 49.0.0",
]

[[package]]
name = "cranelift-codegen-meta"
version = "0.135.3"
source = "registry+https://github.com/rust-lang/crates.io-index"
checksum = "6672eac6d00c944a01712109d376019ab46ff4c3b37bb3419fa350b25523b1ad"
dependencies = [
 "cranelift-assembler-x64-meta 0.135.3",
 "cranelift-codegen-shared 0.135.3",
 "cranelift-srcgen 0.135.3",
 "heck",
]

[[package]]
name = "cranelift-codegen-meta"
version = "0.136.1"
source = "registry+https://github.com/rust-lang/crates.io-index"
checksum = "24ce99c30dc7a692294613241119eea0de3c3cb4cf10ac2570ed72adf9a8c2eb"
dependencies = [
 "cranelift-assembler-x64-meta 0.136.1",
 "cranelift-codegen-shared 0.136.1",
 "cranelift-srcgen 0.136.1",
 "heck",
]

[[package]]
name = "cranelift-codegen-shared"
version = "0.135.3"
source = "registry+https://github.com/rust-lang/crates.io-index"
checksum = "2f2bd3116e2cdef47a5755c484fa5feca18bd77ea7db418e492f72faaa7582f2"

[[package]]
name = "cranelift-codegen-shared"
version = "0.136.1"
source = "registry+https://github.com/rust-lang/crates.io-index"
checksum = "34c2a529b638d95c347c2337403dacec86197ad6503cedc63caf53466ae5c4de"

[[package]]
name = "cranelift-control"
version = "0.135.3"
source = "registry+https://github.com/rust-lang/crates.io-index"
checksum = "9706989f98e3f7f1b1bc16450089c0393b141f79701590f7bf830c3a531454a2"
dependencies = [
 "arbitrary",
]

[[package]]
name = "cranelift-control"
version = "0.136.1"
source = "registry+https://github.com/rust-lang/crates.io-index"
checksum = "570eb4e02cca190896beb3c8a0a67583dca8b6965517a9f3e04cc89e17c9a986"
dependencies = [
 "arbitrary",
]

[[package]]
name = "cranelift-entity"
version = "0.135.3"
source = "registry+https://github.com/rust-lang/crates.io-index"
checksum = "26094b0d1072871e07bcb4f53982744ee42657fb40c2175081a10d71f06f8546"
dependencies = [
 "cranelift-bitset 0.135.3",
 "wasmtime-internal-core 48.0.3",
]

[[package]]
name = "cranelift-entity"
version = "0.136.0"
source = "registry+https://github.com/rust-lang/crates.io-index"
checksum = "589be6584f586f8b21fe17e68cb10505d1cb9a3aa42af1173b8024a12f3ec96d"
dependencies = [
 "cranelift-bitset 0.136.0",
 "wasmtime-internal-core 49.0.0",
]

[[package]]
name = "cranelift-frontend"
version = "0.135.2"
source = "registry+https://github.com/rust-lang/crates.io-index"
checksum = "0e2c4a0a90aedfa88408f33e65eda7b1f73de0af20ebec516c004b3a1cdc602b"
dependencies = [
 "cranelift-codegen 0.135.3",
 "hashbrown 0.17.1",
 "log",
 "smallvec",
 "target-lexicon",
]

[[package]]
name = "cranelift-isle"
version = "0.135.3"
source = "registry+https://github.com/rust-lang/crates.io-index"
checksum = "ad1e07f7c111564a5deda3ca9e4ac2f043f8e1fc844a62d3a3feb2be26b49274"

[[package]]
name = "cranelift-isle"
version = "0.136.0"
source = "registry+https://github.com/rust-lang/crates.io-index"
checksum = "2b46ea04636aa506eb49e5a61c54270314912de7f1c33ad7f7c2c57cb0784e23"

[[package]]
name = "cranelift-module"
version = "0.135.2"
source = "registry+https://github.com/rust-lang/crates.io-index"
checksum = "b6d356ef498fa5f064fc64ae3c1a6b22289e24b8ef0769604fd410bebe0aebf7"
dependencies = [
 "anyhow",
 "cranelift-codegen 0.135.3",
 "cranelift-control 0.135.3",
]

[[package]]
name = "cranelift-object"
version = "0.135.2"
source = "registry+https://github.com/rust-lang/crates.io-index"
checksum = "1063cf3d854600d6dd43b7a8c70f5dbb7336105848e678fcfda02b70ec72cd7c"
dependencies = [
 "anyhow",
 "cranelift-codegen 0.135.3",
 "cranelift-control 0.135.3",
 "cranelift-module",
 "gimli",
 "log",
 "object",
 "target-lexicon",
]

[[package]]
name = "cranelift-srcgen"
version = "0.135.3"
source = "registry+https://github.com/rust-lang/crates.io-index"
checksum = "1f739117ccbeec70314433f304ced82abe89e75ff32ab676c2d7da661358af1e"

[[package]]
name = "cranelift-srcgen"
version = "0.136.1"
source = "registry+https://github.com/rust-lang/crates.io-index"
checksum = "89643801d9192df80c294f174d5fe0416395e7edb0bb3024784ba10fc933e76f"

[[package]]
name = "crc32fast"
version = "1.5.2"
source = "registry+https://github.com/rust-lang/crates.io-index"
checksum = "01a7799fd6b852db0e61728dde9a204c423b44d689dbd432522543614b490e78"
dependencies = [
 "cfg-if",
]

[[package]]
name = "equivalent"
version = "1.0.2"
source = "registry+https://github.com/rust-lang/crates.io-index"
checksum = "877a4ace8713b0bcf2a4e7eec82529c029f1d0619886d18145fea96c3ffe5c0f"

[[package]]
name = "fnv"
version = "1.0.7"
source = "registry+https://github.com/rust-lang/crates.io-index"
checksum = "3f9eec918d3f24069decb9af1554cad7c880e2da24a9afd88aca000531ab82c1"

[[package]]
name = "foldhash"
version = "0.2.0"
source = "registry+https://github.com/rust-lang/crates.io-index"
checksum = "77ce24cb58228fbb8aa041425bb1050850ac19177686ea6e0f41a70416f56fdb"

[[package]]
name = "gimli"
version = "0.33.0"
source = "registry+https://github.com/rust-lang/crates.io-index"
checksum = "0bf7f043f89559805f8c7cacc432749b2fa0d0a0a9ee46ce47164ed5ba7f126c"
dependencies = [
 "fnv",
 "hashbrown 0.16.1",
 "indexmap",
 "stable_deref_trait",
]

[[package]]
name = "hashbrown"
version = "0.16.1"
source = "registry+https://github.com/rust-lang/crates.io-index"
checksum = "841d1cc9bed7f9236f321df977030373f4a4163ae1a7dbfe1a51a2c1a51d9100"

[[package]]
name = "hashbrown"
version = "0.17.1"
source = "registry+https://github.com/rust-lang/crates.io-index"
checksum = "ed5909b6e89a2db4456e54cd5f673791d7eca6732202bbf2a9cc504fe2f9b84a"
dependencies = [
 "foldhash",
]

[[package]]
name = "heck"
version = "0.5.0"
source = "registry+https://github.com/rust-lang/crates.io-index"
checksum = "2304e00983f87ffb38b55b444b5e3b60a884b5d30c0fca7d82fe33449bbe55ea"

[[package]]
name = "indexmap"
version = "2.14.0"
source = "registry+https://github.com/rust-lang/crates.io-index"
checksum = "d466e9454f08e4a911e14806c24e16fba1b4c121d1ea474396f396069cf949d9"
dependencies = [
 "equivalent",
 "hashbrown 0.17.1",
]

[[package]]
name = "libm"
version = "0.2.16"
source = "registry+https://github.com/rust-lang/crates.io-index"
checksum = "b6d2cec3eae94f9f509c767b45932f1ada8350c4bdb85af2fcab4a3c14807981"

[[package]]
name = "log"
version = "0.4.34"
source = "registry+https://github.com/rust-lang/crates.io-index"
checksum = "f9f8bd3e56ce4dfc153cf470fffbfa98c7620958b312ca5c3a4b8d5181fd13c6"

[[package]]
name = "memchr"
version = "2.8.3"
source = "registry+https://github.com/rust-lang/crates.io-index"
checksum = "cf8baf1c55e62ffcace7a9f06f4bd9cd3f0c4beb022d3b367256b91b87513d98"

[[package]]
name = "object"
version = "0.39.1"
source = "registry+https://github.com/rust-lang/crates.io-index"
checksum = "2e5a6c098c7a3b6547378093f5cc30bc54fd361ce711e05293a5cc589562739b"
dependencies = [
 "crc32fast",
 "hashbrown 0.17.1",
 "indexmap",
 "memchr",
]

[[package]]
name = "proc-macro2"
version = "1.0.107"
source = "registry+https://github.com/rust-lang/crates.io-index"
checksum = "985e7ec9bb745e6ce6535b544d84d6cd6f7ad8bd711c398938ae983b91a766d9"
dependencies = [
 "unicode-ident",
]

[[package]]
name = "quote"
version = "1.0.47"
source = "registry+https://github.com/rust-lang/crates.io-index"
checksum = "1fbf4db142a473a8d80c26bbf18454ed458bf8d26c8219c331daecfdbd079001"
dependencies = [
 "proc-macro2",
]

[[package]]
name = "regalloc2"
version = "0.15.2"
source = "registry+https://github.com/rust-lang/crates.io-index"
checksum = "757712e8e61590d6d4f5d563483755538b5aa13467837a3b41cd9832509a7f85"
dependencies = [
 "allocator-api2",
 "bumpalo",
 "hashbrown 0.17.1",
 "log",
 "rustc-hash",
 "smallvec",
]

[[package]]
name = "rustc-hash"
version = "2.1.3"
source = "registry+https://github.com/rust-lang/crates.io-index"
checksum = "6b1e7f9a428571be2dc5bc0505c13fb6bf936822b894ec87abf8a08a4e51742d"

[[package]]
name = "serde"
version = "1.0.229"
source = "registry+https://github.com/rust-lang/crates.io-index"
checksum = "4148590afebada386688f18773da617792bf2ef03ffc1e4cbd2b1d45b023e0ba"
dependencies = [
 "serde_core",
]

[[package]]
name = "serde_core"
version = "1.0.229"
source = "registry+https://github.com/rust-lang/crates.io-index"
checksum = "67dca2c9c51e58a4791a4b1ed58308b39c64224d349a935ab5039aa360942a48"
dependencies = [
 "serde_derive",
]

[[package]]
name = "serde_derive"
version = "1.0.229"
source = "registry+https://github.com/rust-lang/crates.io-index"
checksum = "e7a5d71263a5a7d47b41f6b3f06ba276f10cc18b0931f1799f710578e2309348"
dependencies = [
 "proc-macro2",
 "quote",
 "syn",
]

[[package]]
name = "serde_spanned"
version = "0.6.9"
source = "registry+https://github.com/rust-lang/crates.io-index"
checksum = "bf41e0cfaf7226dca15e8197172c295a782857fcb97fad1808a166870dee75a3"
dependencies = [
 "serde",
]

[[package]]
name = "smallvec"
version = "1.16.1"
source = "registry+https://github.com/rust-lang/crates.io-index"
checksum = "ba467056f1b547ed52077911161fc86985becbc60e8e1857c8a144dab0def891"

[[package]]
name = "stable_deref_trait"
version = "1.2.1"
source = "registry+https://github.com/rust-lang/crates.io-index"
checksum = "6ce2be8dc25455e1f91df71bfa12ad37d7af1092ae736f3a6cd0e37bc7810596"

[[package]]
name = "syn"
version = "3.0.3"
source = "registry+https://github.com/rust-lang/crates.io-index"
checksum = "53e9bae58849f64dfa4f5d5ae372c8341f7305f82a3868709269343628b659a3"
dependencies = [
 "proc-macro2",
 "quote",
 "unicode-ident",
]

[[package]]
name = "target-lexicon"
version = "0.13.5"
source = "registry+https://github.com/rust-lang/crates.io-index"
checksum = "adb6935a6f5c20170eeceb1a3835a49e12e19d792f6dd344ccc76a985ca5a6ca"

[[package]]
name = "toml"
version = "0.8.23"
source = "registry+https://github.com/rust-lang/crates.io-index"
checksum = "dc1beb996b9d83529a9e75c17a1686767d148d70663143c7854d8b4a09ced362"
dependencies = [
 "serde",
 "serde_spanned",
 "toml_datetime",
 "toml_edit",
]

[[package]]
name = "toml_datetime"
version = "0.6.11"
source = "registry+https://github.com/rust-lang/crates.io-index"
checksum = "22cddaf88f4fbc13c51aebbf5f8eceb5c7c5a9da2ac40a13519eb5b0a0e8f11c"
dependencies = [
 "serde",
]

[[package]]
name = "toml_edit"
version = "0.22.27"
source = "registry+https://github.com/rust-lang/crates.io-index"
checksum = "41fe8c660ae4257887cf66394862d21dbca4a6ddd26f04a3560410406a2f819a"
dependencies = [
 "indexmap",
 "serde",
 "serde_spanned",
 "toml_datetime",
 "toml_write",
 "winnow",
]

[[package]]
name = "toml_write"
version = "0.1.2"
source = "registry+https://github.com/rust-lang/crates.io-index"
checksum = "5d99f8c9a7727884afe522e9bd5edbfc91a3312b36a77b5fb8926e4c31a41801"

[[package]]
name = "unicode-ident"
version = "1.0.24"
source = "registry+https://github.com/rust-lang/crates.io-index"
checksum = "e6e4313cd5fcd3dad5cafa179702e2b244f760991f45397d14d4ebf38247da75"

[[package]]
name = "wasmtime-internal-core"
version = "48.0.3"
source = "registry+https://github.com/rust-lang/crates.io-index"
checksum = "72250d72e27bea7d614af6742ed185d3e9d39de471f33e177c71874a7184586d"
dependencies = [
 "hashbrown 0.17.1",
 "libm",
]

[[package]]
name = "wasmtime-internal-core"
version = "49.0.0"
source = "registry+https://github.com/rust-lang/crates.io-index"
checksum = "9f24a558f82f07e4e76a8b848288901d9f663e4e95c25f6d73627daca5f4ce93"
dependencies = [
 "hashbrown 0.17.1",
 "libm",
]

[[package]]
name = "winnow"
version = "0.7.15"
source = "registry+https://github.com/rust-lang/crates.io-index"
checksum = "df79d97927682d2fd8adb29682d1140b343be4ac0f08fd68b7765d9c059d3945"
dependencies = [
 "memchr",
]
